
Microsoft Visual Studio Solution File, Format Version 12.00
# Visual Studio Version 17
VisualStudioVersion = 17.5.33627.172
MinimumVisualStudioVersion = 10.0.40219.1
Project("{2150E333-8FDC-42A3-9474-1A3956D46DE8}") = "Recruiting", "Recruiting", "{CF0CD619-F9CC-4045-99B6-E8635D131F5F}"
EndProject
Project("{2150E333-8FDC-42A3-9474-1A3956D46DE8}") = "Interviews", "Interviews", "{196F7956-A296-4C33-9378-7A589D46C552}"
EndProject
Project("{2150E333-8FDC-42A3-9474-1A3956D46DE8}") = "OnBoarding", "OnBoarding", "{135A8585-C9BC-44CC-B7BF-1A291F62A7D5}"
EndProject
Project("{2150E333-8FDC-42A3-9474-1A3956D46DE8}") = "Authentication", "Authentication", "{B76DCED4-D275-469D-BF20-BF9EA1456C4D}"
EndProject
Project("{9A19103F-16F7-4668-BE54-9A1E7A4F7556}") = "RecruitingWeb", "Services\Recruiting\RecruitingWeb\RecruitingWeb.csproj", "{A2F65951-D475-4B7B-A8D9-379CE7E94AAF}"
EndProject
Project("{9A19103F-16F7-4668-BE54-9A1E7A4F7556}") = "ApplicationCore", "Services\Recruiting\ApplicationCore\ApplicationCore.csproj", "{515D77E2-3246-4F0F-8881-EE86AC73F36A}"
EndProject
Project("{9A19103F-16F7-4668-BE54-9A1E7A4F7556}") = "Infrastructure", "Services\Recruiting\Infrastructure\Infrastructure.csproj", "{4754EE34-FBCE-4064-9044-BA47D6D73FE1}"
EndProject
Project("{9A19103F-16F7-4668-BE54-9A1E7A4F7556}") = "Recruiting.API", "Services\Recruiting\Recruiting.API\Recruiting.API.csproj", "{8F40035A-9AD8-42F9-A088-EA8F7EF4A280}"
EndProject
Project("{9A19103F-16F7-4668-BE54-9A1E7A4F7556}") = "OnBoardingWeb", "Services\OnBoarding\OnBoardingWeb\OnBoardingWeb.csproj", "{DCC93407-D893-4998-82E5-7201973318EB}"
EndProject
Project("{9A19103F-16F7-4668-BE54-9A1E7A4F7556}") = "ApplicationCore", "Services\OnBoarding\ApplicationCore\ApplicationCore.csproj", "{3F28FF53-C632-4C92-AD2B-2308C1D4BE8E}"
EndProject
Project("{9A19103F-16F7-4668-BE54-9A1E7A4F7556}") = "Infrastructure", "Services\OnBoarding\Infrastructure\Infrastructure.csproj", "{45B4BEC8-61CE-49D2-A074-F9DF4CE980F9}"
EndProject
Project("{9A19103F-16F7-4668-BE54-9A1E7A4F7556}") = "OnBoarding.API", "Services\OnBoarding\OnBoarding.API\OnBoarding.API.csproj", "{2A67E532-D03E-4826-BF02-361ACD20CB85}"
EndProject
Project("{9A19103F-16F7-4668-BE54-9A1E7A4F7556}") = "InterviewsWeb", "Services\Interviews\InterviewsWeb\InterviewsWeb.csproj", "{41B16830-284F-4346-A7A1-985FC08D66DE}"
EndProject
Project("{9A19103F-16F7-4668-BE54-9A1E7A4F7556}") = "ApplicationCore", "Services\Interviews\ApplicationCore\ApplicationCore.csproj", "{BCEEBFB3-510D-4B56-8ACC-5D14A9CA30DB}"
EndProject
Project("{9A19103F-16F7-4668-BE54-9A1E7A4F7556}") = "Infrastructure", "Services\Interviews\Infrastructure\Infrastructure.csproj", "{CA6519C6-2A88-4225-A763-26DB4ADFF0A8}"
EndProject
Project("{FAE04EC0-301F-11D3-BF4B-00C04F79EFBC}") = "Interviews.API", "Services\Interviews\Interviews.API\Interviews.API.csproj", "{83208AD4-DFA5-41CE-B669-530287FCFAD9}"
EndProject
Global
	GlobalSection(SolutionConfigurationPlatforms) = preSolution
		Debug|Any CPU = Debug|Any CPU
		Release|Any CPU = Release|Any CPU
	EndGlobalSection
	GlobalSection(ProjectConfigurationPlatforms) = postSolution
		{A2F65951-D475-4B7B-A8D9-379CE7E94AAF}.Debug|Any CPU.ActiveCfg = Debug|Any CPU
		{A2F65951-D475-4B7B-A8D9-379CE7E94AAF}.Debug|Any CPU.Build.0 = Debug|Any CPU
		{A2F65951-D475-4B7B-A8D9-379CE7E94AAF}.Release|Any CPU.ActiveCfg = Release|Any CPU
		{A2F65951-D475-4B7B-A8D9-379CE7E94AAF}.Release|Any CPU.Build.0 = Release|Any CPU
		{515D77E2-3246-4F0F-8881-EE86AC73F36A}.Debug|Any CPU.ActiveCfg = Debug|Any CPU
		{515D77E2-3246-4F0F-8881-EE86AC73F36A}.Debug|Any CPU.Build.0 = Debug|Any CPU
		{515D77E2-3246-4F0F-8881-EE86AC73F36A}.Release|Any CPU.ActiveCfg = Release|Any CPU
		{515D77E2-3246-4F0F-8881-EE86AC73F36A}.Release|Any CPU.Build.0 = Release|Any CPU
		{4754EE34-FBCE-4064-9044-BA47D6D73FE1}.Debug|Any CPU.ActiveCfg = Debug|Any CPU
		{4754EE34-FBCE-4064-9044-BA47D6D73FE1}.Debug|Any CPU.Build.0 = Debug|Any CPU
		{4754EE34-FBCE-4064-9044-BA47D6D73FE1}.Release|Any CPU.ActiveCfg = Release|Any CPU
		{4754EE34-FBCE-4064-9044-BA47D6D73FE1}.Release|Any CPU.Build.0 = Release|Any CPU
		{8F40035A-9AD8-42F9-A088-EA8F7EF4A280}.Debug|Any CPU.ActiveCfg = Debug|Any CPU
		{8F40035A-9AD8-42F9-A088-EA8F7EF4A280}.Debug|Any CPU.Build.0 = Debug|Any CPU
		{8F40035A-9AD8-42F9-A088-EA8F7EF4A280}.Release|Any CPU.ActiveCfg = Release|Any CPU
		{8F40035A-9AD8-42F9-A088-EA8F7EF4A280}.Release|Any CPU.Build.0 = Release|Any CPU
		{DCC93407-D893-4998-82E5-7201973318EB}.Debug|Any CPU.ActiveCfg = Debug|Any CPU
		{DCC93407-D893-4998-82E5-7201973318EB}.Debug|Any CPU.Build.0 = Debug|Any CPU
		{DCC93407-D893-4998-82E5-7201973318EB}.Release|Any CPU.ActiveCfg = Release|Any CPU
		{DCC93407-D893-4998-82E5-7201973318EB}.Release|Any CPU.Build.0 = Release|Any CPU
		{3F28FF53-C632-4C92-AD2B-2308C1D4BE8E}.Debug|Any CPU.ActiveCfg = Debug|Any CPU
		{3F28FF53-C632-4C92-AD2B-2308C1D4BE8E}.Debug|Any CPU.Build.0 = Debug|Any CPU
		{3F28FF53-C632-4C92-AD2B-2308C1D4BE8E}.Release|Any CPU.ActiveCfg = Release|Any CPU
		{3F28FF53-C632-4C92-AD2B-2308C1D4BE8E}.Release|Any CPU.Build.0 = Release|Any CPU
		{45B4BEC8-61CE-49D2-A074-F9DF4CE980F9}.Debug|Any CPU.ActiveCfg = Debug|Any CPU
		{45B4BEC8-61CE-49D2-A074-F9DF4CE980F9}.Debug|Any CPU.Build.0 = Debug|Any CPU
		{45B4BEC8-61CE-49D2-A074-F9DF4CE980F9}.Release|Any CPU.ActiveCfg = Release|Any CPU
		{45B4BEC8-61CE-49D2-A074-F9DF4CE980F9}.Release|Any CPU.Build.0 = Release|Any CPU
		{2A67E532-D03E-4826-BF02-361ACD20CB85}.Debug|Any CPU.ActiveCfg = Debug|Any CPU
		{2A67E532-D03E-4826-BF02-361ACD20CB85}.Debug|Any CPU.Build.0 = Debug|Any CPU
		{2A67E532-D03E-4826-BF02-361ACD20CB85}.Release|Any CPU.ActiveCfg = Release|Any CPU
		{2A67E532-D03E-4826-BF02-361ACD20CB85}.Release|Any CPU.Build.0 = Release|Any CPU
		{41B16830-284F-4346-A7A1-985FC08D66DE}.Debug|Any CPU.ActiveCfg = Debug|Any CPU
		{41B16830-284F-4346-A7A1-985FC08D66DE}.Debug|Any CPU.Build.0 = Debug|Any CPU
		{41B16830-284F-4346-A7A1-985FC08D66DE}.Release|Any CPU.ActiveCfg = Release|Any CPU
		{41B16830-284F-4346-A7A1-985FC08D66DE}.Release|Any CPU.Build.0 = Release|Any CPU
		{BCEEBFB3-510D-4B56-8ACC-5D14A9CA30DB}.Debug|Any CPU.ActiveCfg = Debug|Any CPU
		{BCEEBFB3-510D-4B56-8ACC-5D14A9CA30DB}.Debug|Any CPU.Build.0 = Debug|Any CPU
		{BCEEBFB3-510D-4B56-8ACC-5D14A9CA30DB}.Release|Any CPU.ActiveCfg = Release|Any CPU
		{BCEEBFB3-510D-4B56-8ACC-5D14A9CA30DB}.Release|Any CPU.Build.0 = Release|Any CPU
		{CA6519C6-2A88-4225-A763-26DB4ADFF0A8}.Debug|Any CPU.ActiveCfg = Debug|Any CPU
		{CA6519C6-2A88-4225-A763-26DB4ADFF0A8}.Debug|Any CPU.Build.0 = Debug|Any CPU
		{CA6519C6-2A88-4225-A763-26DB4ADFF0A8}.Release|Any CPU.ActiveCfg = Release|Any CPU
		{CA6519C6-2A88-4225-A763-26DB4ADFF0A8}.Release|Any CPU.Build.0 = Release|Any CPU
		{83208AD4-DFA5-41CE-B669-530287FCFAD9}.Debug|Any CPU.ActiveCfg = Debug|Any CPU
		{83208AD4-DFA5-41CE-B669-530287FCFAD9}.Debug|Any CPU.Build.0 = Debug|Any CPU
		{83208AD4-DFA5-41CE-B669-530287FCFAD9}.Release|Any CPU.ActiveCfg = Release|Any CPU
		{83208AD4-DFA5-41CE-B669-530287FCFAD9}.Release|Any CPU.Build.0 = Release|Any CPU
	EndGlobalSection
	GlobalSection(SolutionProperties) = preSolution
		HideSolutionNode = FALSE
	EndGlobalSection
	GlobalSection(NestedProjects) = preSolution
		{A2F65951-D475-4B7B-A8D9-379CE7E94AAF} = {CF0CD619-F9CC-4045-99B6-E8635D131F5F}
		{515D77E2-3246-4F0F-8881-EE86AC73F36A} = {CF0CD619-F9CC-4045-99B6-E8635D131F5F}
		{4754EE34-FBCE-4064-9044-BA47D6D73FE1} = {CF0CD619-F9CC-4045-99B6-E8635D131F5F}
		{8F40035A-9AD8-42F9-A088-EA8F7EF4A280} = {CF0CD619-F9CC-4045-99B6-E8635D131F5F}
		{DCC93407-D893-4998-82E5-7201973318EB} = {135A8585-C9BC-44CC-B7BF-1A291F62A7D5}
		{3F28FF53-C632-4C92-AD2B-2308C1D4BE8E} = {135A8585-C9BC-44CC-B7BF-1A291F62A7D5}
		{45B4BEC8-61CE-49D2-A074-F9DF4CE980F9} = {135A8585-C9BC-44CC-B7BF-1A291F62A7D5}
		{2A67E532-D03E-4826-BF02-361ACD20CB85} = {135A8585-C9BC-44CC-B7BF-1A291F62A7D5}
		{41B16830-284F-4346-A7A1-985FC08D66DE} = {196F7956-A296-4C33-9378-7A589D46C552}
		{BCEEBFB3-510D-4B56-8ACC-5D14A9CA30DB} = {196F7956-A296-4C33-9378-7A589D46C552}
		{CA6519C6-2A88-4225-A763-26DB4ADFF0A8} = {196F7956-A296-4C33-9378-7A589D46C552}
		{83208AD4-DFA5-41CE-B669-530287FCFAD9} = {196F7956-A296-4C33-9378-7A589D46C552}
	EndGlobalSection
	GlobalSection(ExtensibilityGlobals) = postSolution
		SolutionGuid = {CE112AA1-5970-4B67-9B53-C03EDAF7CEA5}
	EndGlobalSection
EndGlobal
